
Microsoft Visual Studio Solution File, Format Version 12.00
# Visual Studio Version 16
VisualStudioVersion = 16.0.28516.95
MinimumVisualStudioVersion = 10.0.40219.1
Project("{8BC9CEB8-8B4A-11D0-8D11-00A0C91BC942}") = "6.36", "6.36\6.36.vcxproj", "{A1A298BD-D77E-4F35-A1CA-17A967DD5C7C}"
EndProject
Global
	GlobalSection(SolutionConfigurationPlatforms) = preSolution
		Debug|x64 = Debug|x64
		Debug|x86 = Debug|x86
		Release|x64 = Release|x64
		Release|x86 = Release|x86
	EndGlobalSection
	GlobalSection(ProjectConfigurationPlatforms) = postSolution
		{A1A298BD-D77E-4F35-A1CA-17A967DD5C7C}.Debug|x64.ActiveCfg = Debug|x64
		{A1A298BD-D77E-4F35-A1CA-17A967DD5C7C}.Debug|x64.Build.0 = Debug|x64
		{A1A298BD-D77E-4F35-A1CA-17A967DD5C7C}.Debug|x86.ActiveCfg = Debug|Win32
		{A1A298BD-D77E-4F35-A1CA-17A967DD5C7C}.Debug|x86.Build.0 = Debug|Win32
		{A1A298BD-D77E-4F35-A1CA-17A967DD5C7C}.Release|x64.ActiveCfg = Release|x64
		{A1A298BD-D77E-4F35-A1CA-17A967DD5C7C}.Release|x64.Build.0 = Release|x64
		{A1A298BD-D77E-4F35-A1CA-17A967DD5C7C}.Release|x86.ActiveCfg = Release|Win32
		{A1A298BD-D77E-4F35-A1CA-17A967DD5C7C}.Release|x86.Build.0 = Release|Win32
	EndGlobalSection
	GlobalSection(SolutionProperties) = preSolution
		HideSolutionNode = FALSE
	EndGlobalSection
	GlobalSection(ExtensibilityGlobals) = postSolution
		SolutionGuid = {745EEE4B-4022-4C7C-8DAD-4A3178A0087E}
	EndGlobalSection
EndGlobal
